
Microsoft Visual Studio Solution File, Format Version 12.00
# Visual Studio 15
VisualStudioVersion = 15.0.27004.2009
MinimumVisualStudioVersion = 10.0.40219.1
Project("{FAE04EC0-301F-11D3-BF4B-00C04F79EFBC}") = "Chords", "Chords.csproj", "{150FEF16-4570-4041-97ED-B028973A1BED}"
EndProject
Project("{FAE04EC0-301F-11D3-BF4B-00C04F79EFBC}") = "ChordsTests", "ChordsTests\ChordsTests.csproj", "{69A3D29B-E2A4-48D0-83A1-CEF922D6B2B6}"
EndProject
Global
	GlobalSection(SolutionConfigurationPlatforms) = preSolution
		Debug|Any CPU = Debug|Any CPU
		Release|Any CPU = Release|Any CPU
	EndGlobalSection
	GlobalSection(ProjectConfigurationPlatforms) = postSolution
		{150FEF16-4570-4041-97ED-B028973A1BED}.Debug|Any CPU.ActiveCfg = Debug|Any CPU
		{150FEF16-4570-4041-97ED-B028973A1BED}.Debug|Any CPU.Build.0 = Debug|Any CPU
		{150FEF16-4570-4041-97ED-B028973A1BED}.Release|Any CPU.ActiveCfg = Release|Any CPU
		{150FEF16-4570-4041-97ED-B028973A1BED}.Release|Any CPU.Build.0 = Release|Any CPU
		{69A3D29B-E2A4-48D0-83A1-CEF922D6B2B6}.Debug|Any CPU.ActiveCfg = Debug|Any CPU
		{69A3D29B-E2A4-48D0-83A1-CEF922D6B2B6}.Debug|Any CPU.Build.0 = Debug|Any CPU
		{69A3D29B-E2A4-48D0-83A1-CEF922D6B2B6}.Release|Any CPU.ActiveCfg = Release|Any CPU
		{69A3D29B-E2A4-48D0-83A1-CEF922D6B2B6}.Release|Any CPU.Build.0 = Release|Any CPU
	EndGlobalSection
	GlobalSection(SolutionProperties) = preSolution
		HideSolutionNode = FALSE
	EndGlobalSection
	GlobalSection(ExtensibilityGlobals) = postSolution
		SolutionGuid = {E7D52EBA-5DCE-4689-9599-0962E4917DED}
	EndGlobalSection
EndGlobal
